# This file was autogenerated by Stack.
# You should not edit this file by hand.
# For more information, please see the documentation at:
#   https://docs.haskellstack.org/en/stable/lock_files

packages:
- completed:
    hackage: IfElse-0.85@sha256:6939b94acc6a55f545f63a168a349dd2fbe4b9a7cca73bf60282db5cc6aa47d2,445
    pantry-tree:
      size: 213
      sha256: 4efed7ab11ec6d794c7e56eb76216363c51c4c084d9a616917fc025a1151cd65
  original:
    hackage: IfElse-0.85
- completed:
    hackage: fgl-visualize-0.1.0.1@sha256:e682066053a6e75478a08fd6822dd0143a3b8ea23244bdb01dd389a266447c5e,995
    pantry-tree:
      size: 224
      sha256: 969d6b60ea298ffb81697dd350e76774a2f876103a147117f832400451ad2cc3
  original:
    hackage: fgl-visualize-0.1.0.1
- completed:
    hackage: dotgen-0.4.2@sha256:309b7cc8a3593a8e48bee7b53020d5f72db156d58edf78a0214f58fbb84b292b,1402
    pantry-tree:
      size: 357
      sha256: d03f332855d4d9b02e96931596e358202bd18032c323fb1abd8fe84299d259cd
  original:
    hackage: dotgen-0.4.2
- completed:
    hackage: simple-smt-0.9.4@sha256:93746e0c4bade39c9848549103de5b65b169f1faa5b76c7b9bcde2031f31c58f,775
    pantry-tree:
      size: 253
      sha256: f03c5f3b6601b8d9939f1f1bc6e593117f0633da1689a7ff13f7201b42394e38
  original:
    hackage: simple-smt-0.9.4
- completed:
    hackage: GraphSCC-1.0.4@sha256:dc3c6d6c59c15a50c9ce701bdead86f19bc2367e0d30c81a7bf55ccc6e5bd04d,936
    pantry-tree:
      size: 333
      sha256: 9a52cc3eafbca3ab1b9f7e3de63f7311ae82ec1cdaa1202eead796011e47bc25
  original:
    hackage: GraphSCC-1.0.4
- completed:
    hackage: monadLib-3.9@sha256:5feaa3140a6b933eaa9505f96f2e96066cf4afa659eccf3942c7eaa33ebc9a39,655
    pantry-tree:
      size: 426
      sha256: a156a05568163622792a7e0c3ab28c739bc79c71c2a3e07bca15f689cbd8dd9e
  original:
    hackage: monadLib-3.9
- completed:
    hackage: sbv-8.3@sha256:a80a8ce2d9eaceffc23b862a55ea835c4c7b8018dc230238e177a279a9d944bd,17917
    pantry-tree:
      size: 52814
      sha256: e13d3144bd458598460b9ab70f5b4ae8da61bc486d43402d5231b35a3cf63ac2
  original:
    hackage: sbv-8.3
- completed:
    hackage: panic-0.4.0.1@sha256:fb46577c9e0ca38c37960572f958a8469f2b577e963ed4f3ea1904d8400d828b,702
    pantry-tree:
      size: 252
      sha256: 2f4a32588a5935a4d58ee50ae2b83cd5be25b1a1b814dbd2c6a9451248c32b4a
  original:
    hackage: panic-0.4.0.1
- completed:
    hackage: itanium-abi-0.1.1.1@sha256:1d727fa88ecafc13ba4ec2b6a752182ce70333fbde9726aec1393151d14de6df,1520
    pantry-tree:
      size: 472
      sha256: bd8235f696aab49b9ae523ddad1c396fc770da9c107f3de170d72614bf4fd76a
  original:
    hackage: itanium-abi-0.1.1.1
- completed:
    hackage: boomerang-1.4.5.6@sha256:4f8407b9482a500ef9f8dc3fa13f9615d4d33a7c530b67c1ca27535e136a152d,1965
    pantry-tree:
      size: 791
      sha256: 12b1a2bf4fd15b0435d41dd76b29a16899c5afc89b3a177d754050e73fc21cbd
  original:
    hackage: boomerang-1.4.5.6
- completed:
    hackage: th-abstraction-0.3.1.0@sha256:96042f6658f2dccfac03b33f0fd59f62b1f65b9b0a765d8a2ea6026f4081ee4a,1838
    pantry-tree:
      size: 583
      sha256: ea48e150478824f88e1e8fc6baa4d23ee3cc1243ab2894dded8d61c9eaaa80ce
  original:
    hackage: th-abstraction-0.3.1.0
- completed:
    hackage: microlens-th-0.4.2.3@sha256:c606d0c0ad33250d9840a2c533b53151e2f4bc14b5ad80fad5f9411cd6b1f198,2163
    pantry-tree:
      size: 382
      sha256: 1444b3e36ed32051089703a87f82fc1ca19711799beb5b1a54526b44bf6eb9c3
  original:
    hackage: microlens-th-0.4.2.3
- completed:
    hackage: deriving-compat-0.5.6@sha256:685db55d18aa3e73b33fa854595f66aa12e22ddb90480207f057364081ecc31b,7822
    pantry-tree:
      size: 2519
      sha256: a0e7a115f7ea2a00c8ffd1cee14831ec542ec2460f6104ddc57c4ec1d9081946
  original:
    hackage: deriving-compat-0.5.6
- completed:
    hackage: bifunctors-5.5.4@sha256:7240cda20b6b51e18d679691fab27784a56fc075cf71927070850f2960171017,3313
    pantry-tree:
      size: 1620
      sha256: f103d638e096ace87e5db5f0f4562be7563002fe61eb1390377f8af03518e81d
  original:
    hackage: bifunctors-5.5.4
- completed:
    hackage: generic-deriving-1.12.4@sha256:f2f9609b5caacb5ff049859e4cd9c459658eaafcbebc6d564442127e1139e09b,4146
    pantry-tree:
      size: 2028
      sha256: 999ab57b53e68d81f8de4f403b61d0c18fba60fbfa95eac64510fd748148abb9
  original:
    hackage: generic-deriving-1.12.4
- completed:
    hackage: invariant-0.5.3@sha256:cc403ccbb176435d7039e28916c8a54ad0971596b90f935a460582bb77a83148,3233
    pantry-tree:
      size: 650
      sha256: 9c116136e177461e957ea1fdbf422d13b3f46c8a24fe0006d54f112c7bda8eef
  original:
    hackage: invariant-0.5.3
- completed:
    hackage: lens-4.17.1@sha256:7b7900cd621be02888e311f77af05a1770216d28be708c386c3ada64283208ae,15822
    pantry-tree:
      size: 8041
      sha256: c73c1c3affee21e099600d69215cb28bc527f5fdba8bac1d3ed71bafd02ddbd7
  original:
    hackage: lens-4.17.1
- completed:
    hackage: th-lift-0.8.0.1@sha256:cceb81b12c0580e02a7a3898b6d60cca5e1be080741f69ddde4f12210d8ba7ca,1960
    pantry-tree:
      size: 461
      sha256: 7ed900048c8722069edb6063023d89343f056ca305be598f51f166bd389621df
  original:
    hackage: th-lift-0.8.0.1
- completed:
    hackage: config-schema-1.1.0.0@sha256:45b31b08368d4da00c2a5d73722cdcdf06d1384a2e602e0791d235d168470241,2244
    pantry-tree:
      size: 711
      sha256: 1c300b0f79a84a80c7e3accc15f0547102c0cf56093b1b26b172bfbe575023d4
  original:
    hackage: config-schema-1.1.0.0
- completed:
    hackage: config-value-0.6.3.1@sha256:a250e85d180d6a086a4be0226b77c11db147a44c9ea2a8e517738e96a189f00c,1756
    pantry-tree:
      size: 794
      sha256: ab9b315dec4b83a6b6abb7602cdf00992c59ecc1076861fbaa3d68fb593e6882
  original:
    hackage: config-value-0.6.3.1
- completed:
    hackage: simple-get-opt-0.3@sha256:89fac81712948f0e1868c713ba85c5e448963eedb32ec650a5281708f33a2b30,765
    pantry-tree:
      size: 217
      sha256: b3601b1bb689e41f403412e85603f8ab07cd3351c836a51d6396fb2ab1a7f9aa
  original:
    hackage: simple-get-opt-0.3
- completed:
    hackage: zenc-0.1.1@sha256:e4be3e5e9fe1a1ade05910909c6e5b5a8eff72e697868b03955c9781b0443947,964
    pantry-tree:
      size: 206
      sha256: ac8bdc2a8c4b51c7bfa95802ecbab6879190787c870a9cbe0bfee220b3b2a7fe
  original:
    hackage: zenc-0.1.1
snapshots:
- completed:
    size: 524104
    url: https://raw.githubusercontent.com/commercialhaskell/stackage-snapshots/master/lts/14/5.yaml
    sha256: 3c146eebc1b383211ea49d5422fb3d63d699da12307b4bc989107300eb579d60
  original: lts-14.5
